
Microsoft Visual Studio Solution File, Format Version 12.00
# Visual Studio Version 16
VisualStudioVersion = 16.0.29503.13
MinimumVisualStudioVersion = 10.0.40219.1
Project("{FAE04EC0-301F-11D3-BF4B-00C04F79EFBC}") = "JSONToCSharpModelGen", "JSONToCSharpModelGen\JSONToCSharpModelGen.csproj", "{1AAF8C23-2857-4735-95D6-B9A840AE176A}"
EndProject
Global
	GlobalSection(SolutionConfigurationPlatforms) = preSolution
		Debug|Any CPU = Debug|Any CPU
		Release|Any CPU = Release|Any CPU
	EndGlobalSection
	GlobalSection(ProjectConfigurationPlatforms) = postSolution
		{1AAF8C23-2857-4735-95D6-B9A840AE176A}.Debug|Any CPU.ActiveCfg = Debug|Any CPU
		{1AAF8C23-2857-4735-95D6-B9A840AE176A}.Debug|Any CPU.Build.0 = Debug|Any CPU
		{1AAF8C23-2857-4735-95D6-B9A840AE176A}.Release|Any CPU.ActiveCfg = Release|Any CPU
		{1AAF8C23-2857-4735-95D6-B9A840AE176A}.Release|Any CPU.Build.0 = Release|Any CPU
	EndGlobalSection
	GlobalSection(SolutionProperties) = preSolution
		HideSolutionNode = FALSE
	EndGlobalSection
	GlobalSection(ExtensibilityGlobals) = postSolution
		SolutionGuid = {82890FC1-22E3-4361-9D46-B60F14A8A42D}
	EndGlobalSection
EndGlobal
